dependencies:
- name: backoffice-bff
  repository: file://../backoffice-bff
  version: 0.1.0
- name: backoffice-ui
  repository: file://../backoffice-ui
  version: 0.1.0
- name: cart
  repository: file://../cart
  version: 0.2.0
- name: customer
  repository: file://../customer
  version: 0.1.0
- name: inventory
  repository: file://../inventory
  version: 0.1.0
- name: location
  repository: file://../location
  version: 0.1.0
- name: media
  repository: file://../media
  version: 0.1.0
- name: order
  repository: file://../order
  version: 0.2.0
- name: payment
  repository: file://../payment
  version: 0.2.0
- name: payment-paypal
  repository: file://../payment-paypal
  version: 0.2.0
- name: product
  repository: file://../product
  version: 0.1.0
- name: promotion
  repository: file://../promotion
  version: 0.1.0
- name: rating
  repository: file://../rating
  version: 0.1.0
- name: recommendation
  repository: file://../recommendation
  version: 0.1.0
- name: sampledata
  repository: file://../sampledata
  version: 0.1.0
- name: search
  repository: file://../search
  version: 0.1.0
- name: storefront-bff
  repository: file://../storefront-bff
  version: 0.1.0
- name: storefront-ui
  repository: file://../storefront-ui
  version: 0.1.0
- name: swagger-ui
  repository: file://../swagger-ui
  version: 0.1.0
- name: tax
  repository: file://../tax
  version: 0.1.0
- name: webhook
  repository: file://../webhook
  version: 0.1.0
- name: yas-configuration
  repository: file://../yas-configuration
  version: 0.4.0
- name: postgres
  repository: file://../postgresql
  version: 0.1.0
- name: pgadmin
  repository: file://../pgadmin
  version: 0.1.0
- name: zookeeper
  repository: file://../zookeeper
  version: 0.1.0
- name: kafka-cluster
  repository: file://../kafka-cluster
  version: 0.1.0
- name: elasticsearch-cluster
  repository: file://../elasticsearch-cluster
  version: 0.1.0
- name: keycloak
  repository: file://../keycloak
  version: 0.1.0
- name: akhq
  repository: https://akhq.io/
  version: 0.2.3
- name: redis
  repository: https://charts.bitnami.com/bitnami
  version: 19.6.4
digest: sha256:ad93e27377eaf0f2885620d938770e03a667603f7dd38e6695e645051b023a7c
generated: "2026-05-17T17:03:55.986576248+07:00"
