dependencies:
- name: backoffice-bff
  repository: file://../backoffice-bff
  version: 0.1.0
- name: backoffice-ui
  repository: file://../backoffice-ui
  version: 0.1.0
- name: cart
  repository: file://../cart
  version: 0.2.0
- name: customer
  repository: file://../customer
  version: 0.1.0
- name: inventory
  repository: file://../inventory
  version: 0.1.0
- name: media
  repository: file://../media
  version: 0.1.0
- name: order
  repository: file://../order
  version: 0.2.0
- name: product
  repository: file://../product
  version: 0.1.0
- name: sampledata
  repository: file://../sampledata
  version: 0.1.0
- name: search
  repository: file://../search
  version: 0.1.0
- name: storefront-bff
  repository: file://../storefront-bff
  version: 0.1.0
- name: storefront-ui
  repository: file://../storefront-ui
  version: 0.1.0
- name: swagger-ui
  repository: file://../swagger-ui
  version: 0.1.0
- name: tax
  repository: file://../tax
  version: 0.1.0
- name: yas-configuration
  repository: file://../yas-configuration
  version: 0.4.0
- name: postgres
  repository: file://../postgresql
  version: 0.1.0
- name: pgadmin
  repository: file://../pgadmin
  version: 0.1.0
- name: zookeeper
  repository: file://../zookeeper
  version: 0.1.0
- name: kafka-cluster
  repository: file://../kafka-cluster
  version: 0.1.0
- name: elasticsearch-cluster
  repository: file://../elasticsearch-cluster
  version: 0.1.0
- name: keycloak
  repository: file://../keycloak
  version: 0.1.0
- name: akhq
  repository: https://akhq.io/
  version: 0.2.3
- name: redis
  repository: https://charts.bitnami.com/bitnami
  version: 19.6.4
digest: sha256:86c937b302df23318fe96477928506c95875d2c463b7718f069b01614e17c08b
generated: "2026-05-17T18:02:36.677484296+07:00"
